// !$*UTF8*$!
{
	archiveVersion = 1;
	classes = {
	};
	objectVersion = 46;
	objects = {

/* Begin PBXBuildFile section */
		DCB93609A0FB1FA20B557F2A /* Pods_rprod_social_app.framework in Frameworks */ = {isa = PBXBuildFile; fileRef = 17A46E994F7CE0622E6585F2 /* Pods_rprod_social_app.framework */; };
		F9B27A4D1E19BC0D000FE214 /* DesignShadowView.swift in Sources */ = {isa = PBXBuildFile; fileRef = F9B27A4C1E19BC0D000FE214 /* DesignShadowView.swift */; };
		F9B27A501E19BC94000FE214 /* Constants.swift in Sources */ = {isa = PBXBuildFile; fileRef = F9B27A4F1E19BC94000FE214 /* Constants.swift */; };
		F9B27A521E19BDF0000FE214 /* DesignCircleButton.swift in Sources */ = {isa = PBXBuildFile; fileRef = F9B27A511E19BDF0000FE214 /* DesignCircleButton.swift */; };
		F9B27A541E19C055000FE214 /* DesignCornerButton.swift in Sources */ = {isa = PBXBuildFile; fileRef = F9B27A531E19C055000FE214 /* DesignCornerButton.swift */; };
		F9B27A561E19CE10000FE214 /* GoogleService-Info.plist in Resources */ = {isa = PBXBuildFile; fileRef = F9B27A551E19CE10000FE214 /* GoogleService-Info.plist */; };
		F9B5A29E1E199E9100424302 /* AppDelegate.swift in Sources */ = {isa = PBXBuildFile; fileRef = F9B5A29D1E199E9100424302 /* AppDelegate.swift */; };
		F9B5A2A01E199E9100424302 /* SignInVC.swift in Sources */ = {isa = PBXBuildFile; fileRef = F9B5A29F1E199E9100424302 /* SignInVC.swift */; };
		F9B5A2A31E199E9100424302 /* Main.storyboard in Resources */ = {isa = PBXBuildFile; fileRef = F9B5A2A11E199E9100424302 /* Main.storyboard */; };
		F9B5A2A81E199E9100424302 /* LaunchScreen.storyboard in Resources */ = {isa = PBXBuildFile; fileRef = F9B5A2A61E199E9100424302 /* LaunchScreen.storyboard */; };
		F9F5DC291E19E13C000FF32E /* FeedVC.swift in Sources */ = {isa = PBXBuildFile; fileRef = F9F5DC281E19E13C000FF32E /* FeedVC.swift */; };
		F9F5DC2B1E1A6FC8000FF32E /* Assets.xcassets in Resources */ = {isa = PBXBuildFile; fileRef = F9F5DC2A1E1A6FC8000FF32E /* Assets.xcassets */; };
		F9F5DC2D1E1A79D0000FF32E /* DesignCircleView.swift in Sources */ = {isa = PBXBuildFile; fileRef = F9F5DC2C1E1A79D0000FF32E /* DesignCircleView.swift */; };
		F9F5DC2F1E1A823D000FF32E /* PostCell.swift in Sources */ = {isa = PBXBuildFile; fileRef = F9F5DC2E1E1A823D000FF32E /* PostCell.swift */; };
		F9F5DC321E1A8CB8000FF32E /* DataService.swift in Sources */ = {isa = PBXBuildFile; fileRef = F9F5DC311E1A8CB8000FF32E /* DataService.swift */; };
/* End PBXBuildFile section */

/* Begin PBXFileReference section */
		17A46E994F7CE0622E6585F2 /* Pods_rprod_social_app.framework */ = {isa = PBXFileReference; explicitFileType = wrapper.framework; includeInIndex = 0; path = Pods_rprod_social_app.framework; sourceTree = BUILT_PRODUCTS_DIR; };
		1B92A0725585448753DA1E45 /* Pods-rprod-social-app.debug.xcconfig */ = {isa = PBXFileReference; includeInIndex = 1; lastKnownFileType = text.xcconfig; name = "Pods-rprod-social-app.debug.xcconfig"; path = "Pods/Target Support Files/Pods-rprod-social-app/Pods-rprod-social-app.debug.xcconfig"; sourceTree = "<group>"; };
		F9B27A4C1E19BC0D000FE214 /* DesignShadowView.swift */ = {isa = PBXFileReference; fileEncoding = 4; lastKnownFileType = sourcecode.swift; path = DesignShadowView.swift; sourceTree = "<group>"; };
		F9B27A4F1E19BC94000FE214 /* Constants.swift */ = {isa = PBXFileReference; fileEncoding = 4; lastKnownFileType = sourcecode.swift; path = Constants.swift; sourceTree = "<group>"; };
		F9B27A511E19BDF0000FE214 /* DesignCircleButton.swift */ = {isa = PBXFileReference; fileEncoding = 4; lastKnownFileType = sourcecode.swift; path = DesignCircleButton.swift; sourceTree = "<group>"; };
		F9B27A531E19C055000FE214 /* DesignCornerButton.swift */ = {isa = PBXFileReference; fileEncoding = 4; lastKnownFileType = sourcecode.swift; path = DesignCornerButton.swift; sourceTree = "<group>"; };
		F9B27A551E19CE10000FE214 /* GoogleService-Info.plist */ = {isa = PBXFileReference; fileEncoding = 4; lastKnownFileType = text.plist.xml; path = "GoogleService-Info.plist"; sourceTree = "<group>"; };
		F9B5A29A1E199E9100424302 /* rprod-social-app.app */ = {isa = PBXFileReference; explicitFileType = wrapper.application; includeInIndex = 0; path = "rprod-social-app.app"; sourceTree = BUILT_PRODUCTS_DIR; };
		F9B5A29D1E199E9100424302 /* AppDelegate.swift */ = {isa = PBXFileReference; lastKnownFileType = sourcecode.swift; path = AppDelegate.swift; sourceTree = "<group>"; };
		F9B5A29F1E199E9100424302 /* SignInVC.swift */ = {isa = PBXFileReference; lastKnownFileType = sourcecode.swift; path = SignInVC.swift; sourceTree = "<group>"; };
		F9B5A2A21E199E9100424302 /* Base */ = {isa = PBXFileReference; lastKnownFileType = file.storyboard; name = Base; path = Base.lproj/Main.storyboard; sourceTree = "<group>"; };
		F9B5A2A71E199E9100424302 /* Base */ = {isa = PBXFileReference; lastKnownFileType = file.storyboard; name = Base; path = Base.lproj/LaunchScreen.storyboard; sourceTree = "<group>"; };
		F9B5A2A91E199E9100424302 /* Info.plist */ = {isa = PBXFileReference; lastKnownFileType = text.plist.xml; path = Info.plist; sourceTree = "<group>"; };
		F9F5DC281E19E13C000FF32E /* FeedVC.swift */ = {isa = PBXFileReference; fileEncoding = 4; lastKnownFileType = sourcecode.swift; path = FeedVC.swift; sourceTree = "<group>"; };
		F9F5DC2A1E1A6FC8000FF32E /* Assets.xcassets */ = {isa = PBXFileReference; lastKnownFileType = folder.assetcatalog; path = Assets.xcassets; sourceTree = "<group>"; };
		F9F5DC2C1E1A79D0000FF32E /* DesignCircleView.swift */ = {isa = PBXFileReference; fileEncoding = 4; lastKnownFileType = sourcecode.swift; path = DesignCircleView.swift; sourceTree = "<group>"; };
		F9F5DC2E1E1A823D000FF32E /* PostCell.swift */ = {isa = PBXFileReference; fileEncoding = 4; lastKnownFileType = sourcecode.swift; path = PostCell.swift; sourceTree = "<group>"; };
		F9F5DC311E1A8CB8000FF32E /* DataService.swift */ = {isa = PBXFileReference; fileEncoding = 4; lastKnownFileType = sourcecode.swift; path = DataService.swift; sourceTree = "<group>"; };
		FC55FFE7323A09E8CEAF1611 /* Pods-rprod-social-app.release.xcconfig */ = {isa = PBXFileReference; includeInIndex = 1; lastKnownFileType = text.xcconfig; name = "Pods-rprod-social-app.release.xcconfig"; path = "Pods/Target Support Files/Pods-rprod-social-app/Pods-rprod-social-app.release.xcconfig"; sourceTree = "<group>"; };
/* End PBXFileReference section */

/* Begin PBXFrameworksBuildPhase section */
		F9B5A2971E199E9100424302 /* Frameworks */ = {
			isa = PBXFrameworksBuildPhase;
			buildActionMask = 2147483647;
			files = (
				DCB93609A0FB1FA20B557F2A /* Pods_rprod_social_app.framework in Frameworks */,
			);
			runOnlyForDeploymentPostprocessing = 0;
		};
/* End PBXFrameworksBuildPhase section */

/* Begin PBXGroup section */
		8E94A21303269C244C195891 /* Frameworks */ = {
			isa = PBXGroup;
			children = (
				17A46E994F7CE0622E6585F2 /* Pods_rprod_social_app.framework */,
			);
			name = Frameworks;
			sourceTree = "<group>";
		};
		AE12DF2238286ADBBB928265 /* Pods */ = {
			isa = PBXGroup;
			children = (
				1B92A0725585448753DA1E45 /* Pods-rprod-social-app.debug.xcconfig */,
				FC55FFE7323A09E8CEAF1611 /* Pods-rprod-social-app.release.xcconfig */,
			);
			name = Pods;
			sourceTree = "<group>";
		};
		F9B27A481E19A05E000FE214 /* Controllers */ = {
			isa = PBXGroup;
			children = (
				F9B5A29D1E199E9100424302 /* AppDelegate.swift */,
				F9B5A29F1E199E9100424302 /* SignInVC.swift */,
				F9F5DC281E19E13C000FF32E /* FeedVC.swift */,
			);
			name = Controllers;
			sourceTree = "<group>";
		};
		F9B27A491E19A062000FE214 /* Views */ = {
			isa = PBXGroup;
			children = (
				F9B27A4C1E19BC0D000FE214 /* DesignShadowView.swift */,
				F9B27A511E19BDF0000FE214 /* DesignCircleButton.swift */,
				F9B27A531E19C055000FE214 /* DesignCornerButton.swift */,
				F9F5DC2C1E1A79D0000FF32E /* DesignCircleView.swift */,
				F9F5DC2E1E1A823D000FF32E /* PostCell.swift */,
			);
			name = Views;
			sourceTree = "<group>";
		};
		F9B27A4A1E19A067000FE214 /* Resources */ = {
			isa = PBXGroup;
			children = (
				F9F5DC2A1E1A6FC8000FF32E /* Assets.xcassets */,
			);
			name = Resources;
			sourceTree = "<group>";
		};
		F9B27A4B1E19A070000FE214 /* Models */ = {
			isa = PBXGroup;
			children = (
			);
			name = Models;
			sourceTree = "<group>";
		};
		F9B27A4E1E19BC85000FE214 /* Utils */ = {
			isa = PBXGroup;
			children = (
				F9B27A4F1E19BC94000FE214 /* Constants.swift */,
			);
			name = Utils;
			sourceTree = "<group>";
		};
		F9B5A2911E199E9100424302 = {
			isa = PBXGroup;
			children = (
				F9B5A29C1E199E9100424302 /* rprod-social-app */,
				F9B5A29B1E199E9100424302 /* Products */,
				AE12DF2238286ADBBB928265 /* Pods */,
				8E94A21303269C244C195891 /* Frameworks */,
			);
			sourceTree = "<group>";
		};
		F9B5A29B1E199E9100424302 /* Products */ = {
			isa = PBXGroup;
			children = (
				F9B5A29A1E199E9100424302 /* rprod-social-app.app */,
			);
			name = Products;
			sourceTree = "<group>";
		};
		F9B5A29C1E199E9100424302 /* rprod-social-app */ = {
			isa = PBXGroup;
			children = (
				F9F5DC301E1A8C91000FF32E /* Services */,
				F9B27A4E1E19BC85000FE214 /* Utils */,
				F9B27A4B1E19A070000FE214 /* Models */,
				F9B27A4A1E19A067000FE214 /* Resources */,
				F9B27A491E19A062000FE214 /* Views */,
				F9B27A481E19A05E000FE214 /* Controllers */,
				F9B5A2A11E199E9100424302 /* Main.storyboard */,
				F9B5A2A61E199E9100424302 /* LaunchScreen.storyboard */,
				F9B5A2A91E199E9100424302 /* Info.plist */,
				F9B27A551E19CE10000FE214 /* GoogleService-Info.plist */,
			);
			path = "rprod-social-app";
			sourceTree = "<group>";
		};
		F9F5DC301E1A8C91000FF32E /* Services */ = {
			isa = PBXGroup;
			children = (
				F9F5DC311E1A8CB8000FF32E /* DataService.swift */,
			);
			name = Services;
			sourceTree = "<group>";
		};
/* End PBXGroup section */

/* Begin PBXNativeTarget section */
		F9B5A2991E199E9100424302 /* rprod-social-app */ = {
			isa = PBXNativeTarget;
			buildConfigurationList = F9B5A2AC1E199E9100424302 /* Build configuration list for PBXNativeTarget "rprod-social-app" */;
			buildPhases = (
				BB51C72F5BB9E8ECA4CFF189 /* [CP] Check Pods Manifest.lock */,
				F9B5A2961E199E9100424302 /* Sources */,
				F9B5A2971E199E9100424302 /* Frameworks */,
				F9B5A2981E199E9100424302 /* Resources */,
				ECF5064ACA0E916623BEFD9A /* [CP] Embed Pods Frameworks */,
				380948454FCCC81C844C8575 /* [CP] Copy Pods Resources */,
			);
			buildRules = (
			);
			dependencies = (
			);
			name = "rprod-social-app";
			productName = "rprod-social-app";
			productReference = F9B5A29A1E199E9100424302 /* rprod-social-app.app */;
			productType = "com.apple.product-type.application";
		};
/* End PBXNativeTarget section */

/* Begin PBXProject section */
		F9B5A2921E199E9100424302 /* Project object */ = {
			isa = PBXProject;
			attributes = {
				LastSwiftUpdateCheck = 0820;
				LastUpgradeCheck = 0820;
				ORGANIZATIONNAME = "Rasmus Josefsson";
				TargetAttributes = {
					F9B5A2991E199E9100424302 = {
						CreatedOnToolsVersion = 8.2.1;
						DevelopmentTeam = 5P7V25NKVS;
						ProvisioningStyle = Automatic;
					};
				};
			};
			buildConfigurationList = F9B5A2951E199E9100424302 /* Build configuration list for PBXProject "rprod-social-app" */;
			compatibilityVersion = "Xcode 3.2";
			developmentRegion = English;
			hasScannedForEncodings = 0;
			knownRegions = (
				en,
				Base,
			);
			mainGroup = F9B5A2911E199E9100424302;
			productRefGroup = F9B5A29B1E199E9100424302 /* Products */;
			projectDirPath = "";
			projectRoot = "";
			targets = (
				F9B5A2991E199E9100424302 /* rprod-social-app */,
			);
		};
/* End PBXProject section */

/* Begin PBXResourcesBuildPhase section */
		F9B5A2981E199E9100424302 /* Resources */ = {
			isa = PBXResourcesBuildPhase;
			buildActionMask = 2147483647;
			files = (
				F9B5A2A81E199E9100424302 /* LaunchScreen.storyboard in Resources */,
				F9B27A561E19CE10000FE214 /* GoogleService-Info.plist in Resources */,
				F9F5DC2B1E1A6FC8000FF32E /* Assets.xcassets in Resources */,
				F9B5A2A31E199E9100424302 /* Main.storyboard in Resources */,
			);
			runOnlyForDeploymentPostprocessing = 0;
		};
/* End PBXResourcesBuildPhase section */

/* Begin PBXShellScriptBuildPhase section */
		380948454FCCC81C844C8575 /* [CP] Copy Pods Resources */ = {
			isa = PBXShellScriptBuildPhase;
			buildActionMask = 2147483647;
			files = (
			);
			inputPaths = (
			);
			name = "[CP] Copy Pods Resources";
			outputPaths = (
			);
			runOnlyForDeploymentPostprocessing = 0;
			shellPath = /bin/sh;
			shellScript = "\"${SRCROOT}/Pods/Target Support Files/Pods-rprod-social-app/Pods-rprod-social-app-resources.sh\"\n";
			showEnvVarsInLog = 0;
		};
		BB51C72F5BB9E8ECA4CFF189 /* [CP] Check Pods Manifest.lock */ = {
			isa = PBXShellScriptBuildPhase;
			buildActionMask = 2147483647;
			files = (
			);
			inputPaths = (
			);
			name = "[CP] Check Pods Manifest.lock";
			outputPaths = (
			);
			runOnlyForDeploymentPostprocessing = 0;
			shellPath = /bin/sh;
			shellScript = "diff \"${PODS_ROOT}/../Podfile.lock\" \"${PODS_ROOT}/Manifest.lock\" > /dev/null\nif [ $? != 0 ] ; then\n    # print error to STDERR\n    echo \"error: The sandbox is not in sync with the Podfile.lock. Run 'pod install' or update your CocoaPods installation.\" >&2\n    exit 1\nfi\n";
			showEnvVarsInLog = 0;
		};
		ECF5064ACA0E916623BEFD9A /* [CP] Embed Pods Frameworks */ = {
			isa = PBXShellScriptBuildPhase;
			buildActionMask = 2147483647;
			files = (
			);
			inputPaths = (
			);
			name = "[CP] Embed Pods Frameworks";
			outputPaths = (
			);
			runOnlyForDeploymentPostprocessing = 0;
			shellPath = /bin/sh;
			shellScript = "\"${SRCROOT}/Pods/Target Support Files/Pods-rprod-social-app/Pods-rprod-social-app-frameworks.sh\"\n";
			showEnvVarsInLog = 0;
		};
/* End PBXShellScriptBuildPhase section */

/* Begin PBXSourcesBuildPhase section */
		F9B5A2961E199E9100424302 /* Sources */ = {
			isa = PBXSourcesBuildPhase;
			buildActionMask = 2147483647;
			files = (
				F9F5DC2D1E1A79D0000FF32E /* DesignCircleView.swift in Sources */,
				F9B5A2A01E199E9100424302 /* SignInVC.swift in Sources */,
				F9F5DC291E19E13C000FF32E /* FeedVC.swift in Sources */,
				F9B5A29E1E199E9100424302 /* AppDelegate.swift in Sources */,
				F9B27A541E19C055000FE214 /* DesignCornerButton.swift in Sources */,
				F9F5DC2F1E1A823D000FF32E /* PostCell.swift in Sources */,
				F9B27A4D1E19BC0D000FE214 /* DesignShadowView.swift in Sources */,
				F9B27A501E19BC94000FE214 /* Constants.swift in Sources */,
				F9B27A521E19BDF0000FE214 /* DesignCircleButton.swift in Sources */,
				F9F5DC321E1A8CB8000FF32E /* DataService.swift in Sources */,
			);
			runOnlyForDeploymentPostprocessing = 0;
		};
/* End PBXSourcesBuildPhase section */

/* Begin PBXVariantGroup section */
		F9B5A2A11E199E9100424302 /* Main.storyboard */ = {
			isa = PBXVariantGroup;
			children = (
				F9B5A2A21E199E9100424302 /* Base */,
			);
			name = Main.storyboard;
			sourceTree = "<group>";
		};
		F9B5A2A61E199E9100424302 /* LaunchScreen.storyboard */ = {
			isa = PBXVariantGroup;
			children = (
				F9B5A2A71E199E9100424302 /* Base */,
			);
			name = LaunchScreen.storyboard;
			sourceTree = "<group>";
		};
/* End PBXVariantGroup section */

/* Begin XCBuildConfiguration section */
		F9B5A2AA1E199E9100424302 /* Debug */ = {
			isa = XCBuildConfiguration;
			buildSettings = {
				ALWAYS_SEARCH_USER_PATHS = NO;
				CLANG_ANALYZER_NONNULL = YES;
				CLANG_CXX_LANGUAGE_STANDARD = "gnu++0x";
				CLANG_CXX_LIBRARY = "libc++";
				CLANG_ENABLE_MODULES = YES;
				CLANG_ENABLE_OBJC_ARC = YES;
				CLANG_WARN_BOOL_CONVERSION = YES;
				CLANG_WARN_CONSTANT_CONVERSION = YES;
				CLANG_WARN_DIRECT_OBJC_ISA_USAGE = YES_ERROR;
				CLANG_WARN_DOCUMENTATION_COMMENTS = YES;
				CLANG_WARN_EMPTY_BODY = YES;
				CLANG_WARN_ENUM_CONVERSION = YES;
				CLANG_WARN_INFINITE_RECURSION = YES;
				CLANG_WARN_INT_CONVERSION = YES;
				CLANG_WARN_OBJC_ROOT_CLASS = YES_ERROR;
				CLANG_WARN_SUSPICIOUS_MOVE = YES;
				CLANG_WARN_UNREACHABLE_CODE = YES;
				CLANG_WARN__DUPLICATE_METHOD_MATCH = YES;
				"CODE_SIGN_IDENTITY[sdk=iphoneos*]" = "iPhone Developer";
				COPY_PHASE_STRIP = NO;
				DEBUG_INFORMATION_FORMAT = dwarf;
				ENABLE_STRICT_OBJC_MSGSEND = YES;
				ENABLE_TESTABILITY = YES;
				GCC_C_LANGUAGE_STANDARD = gnu99;
				GCC_DYNAMIC_NO_PIC = NO;
				GCC_NO_COMMON_BLOCKS = YES;
				GCC_OPTIMIZATION_LEVEL = 0;
				GCC_PREPROCESSOR_DEFINITIONS = (
					"DEBUG=1",
					"$(inherited)",
				);
				GCC_WARN_64_TO_32_BIT_CONVERSION = YES;
				GCC_WARN_ABOUT_RETURN_TYPE = YES_ERROR;
				GCC_WARN_UNDECLARED_SELECTOR = YES;
				GCC_WARN_UNINITIALIZED_AUTOS = YES_AGGRESSIVE;
				GCC_WARN_UNUSED_FUNCTION = YES;
				GCC_WARN_UNUSED_VARIABLE = YES;
				IPHONEOS_DEPLOYMENT_TARGET = 10.2;
				MTL_ENABLE_DEBUG_INFO = YES;
				ONLY_ACTIVE_ARCH = YES;
				SDKROOT = iphoneos;
				SWIFT_ACTIVE_COMPILATION_CONDITIONS = DEBUG;
				SWIFT_OPTIMIZATION_LEVEL = "-Onone";
				TARGETED_DEVICE_FAMILY = "1,2";
			};
			name = Debug;
		};
		F9B5A2AB1E199E9100424302 /* Release */ = {
			isa = XCBuildConfiguration;
			buildSettings = {
				ALWAYS_SEARCH_USER_PATHS = NO;
				CLANG_ANALYZER_NONNULL = YES;
				CLANG_CXX_LANGUAGE_STANDARD = "gnu++0x";
				CLANG_CXX_LIBRARY = "libc++";
				CLANG_ENABLE_MODULES = YES;
				CLANG_ENABLE_OBJC_ARC = YES;
				CLANG_WARN_BOOL_CONVERSION = YES;
				CLANG_WARN_CONSTANT_CONVERSION = YES;
				CLANG_WARN_DIRECT_OBJC_ISA_USAGE = YES_ERROR;
				CLANG_WARN_DOCUMENTATION_COMMENTS = YES;
				CLANG_WARN_EMPTY_BODY = YES;
				CLANG_WARN_ENUM_CONVERSION = YES;
				CLANG_WARN_INFINITE_RECURSION = YES;
				CLANG_WARN_INT_CONVERSION = YES;
				CLANG_WARN_OBJC_ROOT_CLASS = YES_ERROR;
				CLANG_WARN_SUSPICIOUS_MOVE = YES;
				CLANG_WARN_UNREACHABLE_CODE = YES;
				CLANG_WARN__DUPLICATE_METHOD_MATCH = YES;
				"CODE_SIGN_IDENTITY[sdk=iphoneos*]" = "iPhone Developer";
				COPY_PHASE_STRIP = NO;
				DEBUG_INFORMATION_FORMAT = "dwarf-with-dsym";
				ENABLE_NS_ASSERTIONS = NO;
				ENABLE_STRICT_OBJC_MSGSEND = YES;
				GCC_C_LANGUAGE_STANDARD = gnu99;
				GCC_NO_COMMON_BLOCKS = YES;
				GCC_WARN_64_TO_32_BIT_CONVERSION = YES;
				GCC_WARN_ABOUT_RETURN_TYPE = YES_ERROR;
				GCC_WARN_UNDECLARED_SELECTOR = YES;
				GCC_WARN_UNINITIALIZED_AUTOS = YES_AGGRESSIVE;
				GCC_WARN_UNUSED_FUNCTION = YES;
				GCC_WARN_UNUSED_VARIABLE = YES;
				IPHONEOS_DEPLOYMENT_TARGET = 10.2;
				MTL_ENABLE_DEBUG_INFO = NO;
				SDKROOT = iphoneos;
				SWIFT_OPTIMIZATION_LEVEL = "-Owholemodule";
				TARGETED_DEVICE_FAMILY = "1,2";
				VALIDATE_PRODUCT = YES;
			};
			name = Release;
		};
		F9B5A2AD1E199E9100424302 /* Debug */ = {
			isa = XCBuildConfiguration;
			baseConfigurationReference = 1B92A0725585448753DA1E45 /* Pods-rprod-social-app.debug.xcconfig */;
			buildSettings = {
				ASSETCATALOG_COMPILER_APPICON_NAME = AppIcon;
				DEVELOPMENT_TEAM = 5P7V25NKVS;
				INFOPLIST_FILE = "rprod-social-app/Info.plist";
				LD_RUNPATH_SEARCH_PATHS = "$(inherited) @executable_path/Frameworks";
				PRODUCT_BUNDLE_IDENTIFIER = "com.rprod.rprod-social-app";
				PRODUCT_NAME = "$(TARGET_NAME)";
				SWIFT_VERSION = 3.0;
			};
			name = Debug;
		};
		F9B5A2AE1E199E9100424302 /* Release */ = {
			isa = XCBuildConfiguration;
			baseConfigurationReference = FC55FFE7323A09E8CEAF1611 /* Pods-rprod-social-app.release.xcconfig */;
			buildSettings = {
				ASSETCATALOG_COMPILER_APPICON_NAME = AppIcon;
				DEVELOPMENT_TEAM = 5P7V25NKVS;
				INFOPLIST_FILE = "rprod-social-app/Info.plist";
				LD_RUNPATH_SEARCH_PATHS = "$(inherited) @executable_path/Frameworks";
				PRODUCT_BUNDLE_IDENTIFIER = "com.rprod.rprod-social-app";
				PRODUCT_NAME = "$(TARGET_NAME)";
				SWIFT_VERSION = 3.0;
			};
			name = Release;
		};
/* End XCBuildConfiguration section */

/* Begin XCConfigurationList section */
		F9B5A2951E199E9100424302 /* Build configuration list for PBXProject "rprod-social-app" */ = {
			isa = XCConfigurationList;
			buildConfigurations = (
				F9B5A2AA1E199E9100424302 /* Debug */,
				F9B5A2AB1E199E9100424302 /* Release */,
			);
			defaultConfigurationIsVisible = 0;
			defaultConfigurationName = Release;
		};
		F9B5A2AC1E199E9100424302 /* Build configuration list for PBXNativeTarget "rprod-social-app" */ = {
			isa = XCConfigurationList;
			buildConfigurations = (
				F9B5A2AD1E199E9100424302 /* Debug */,
				F9B5A2AE1E199E9100424302 /* Release */,
			);
			defaultConfigurationIsVisible = 0;
			defaultConfigurationName = Release;
		};
/* End XCConfigurationList section */
	};
	rootObject = F9B5A2921E199E9100424302 /* Project object */;
}
